dependencies:
- name: nats
  repository: https://nats-io.github.io/k8s/helm/charts
  version: 2.14.6
- name: cert-manager
  repository: https://charts.jetstack.io
  version: v1.21.1
- name: keda
  repository: https://kedacore.github.io/charts
  version: 2.20.2
- name: mariadb-operator
  repository: https://helm.mariadb.com/mariadb-operator
  version: 26.6.0
- name: gateway-helm
  repository: oci://docker.io/envoyproxy
  version: v1.9.1
- name: argo-cd
  repository: https://argoproj.github.io/argo-helm
  version: 8.6.1
- name: prometheus
  repository: https://prometheus-community.github.io/helm-charts
  version: 29.27.0
digest: sha256:171bbc62c3fc036afe06813c9fc3ade78de0977e7b0c0da5dd0885dc9b4efe6f
generated: "2026-09-30T23:12:34.603290889+02:00"
